
Microsoft Visual Studio Solution File, Format Version 12.00
# Visual Studio 15
VisualStudioVersion = 15.0.28010.2041
MinimumVisualStudioVersion = 10.0.40219.1
Project("{9A19103F-16F7-4668-BE54-9A1E7A4F7556}") = "Anagram", "Anagram.csproj", "{3DA7522E-30AA-4E1D-9254-ECF338C23FD0}"
EndProject
Global
	GlobalSection(SolutionConfigurationPlatforms) = preSolution
		Debug|Any CPU = Debug|Any CPU
		Release|Any CPU = Release|Any CPU
	EndGlobalSection
	GlobalSection(ProjectConfigurationPlatforms) = postSolution
		{3DA7522E-30AA-4E1D-9254-ECF338C23FD0}.Debug|Any CPU.ActiveCfg = Debug|Any CPU
		{3DA7522E-30AA-4E1D-9254-ECF338C23FD0}.Debug|Any CPU.Build.0 = Debug|Any CPU
		{3DA7522E-30AA-4E1D-9254-ECF338C23FD0}.Release|Any CPU.ActiveCfg = Release|Any CPU
		{3DA7522E-30AA-4E1D-9254-ECF338C23FD0}.Release|Any CPU.Build.0 = Release|Any CPU
	EndGlobalSection
	GlobalSection(SolutionProperties) = preSolution
		HideSolutionNode = FALSE
	EndGlobalSection
	GlobalSection(ExtensibilityGlobals) = postSolution
		SolutionGuid = {45DE8A77-085F-47A7-9FB4-E917A6AA8E24}
	EndGlobalSection
EndGlobal
