
Microsoft Visual Studio Solution File, Format Version 12.00
# Visual Studio 15
VisualStudioVersion = 15.0.28307.421
MinimumVisualStudioVersion = 10.0.40219.1
Project("{9A19103F-16F7-4668-BE54-9A1E7A4F7556}") = "NucleotideCount", "NucleotideCount.csproj", "{CC46E5A7-5D1F-4526-B892-3C7D672BFE9F}"
EndProject
Global
	GlobalSection(SolutionConfigurationPlatforms) = preSolution
		Debug|Any CPU = Debug|Any CPU
		Release|Any CPU = Release|Any CPU
	EndGlobalSection
	GlobalSection(ProjectConfigurationPlatforms) = postSolution
		{CC46E5A7-5D1F-4526-B892-3C7D672BFE9F}.Debug|Any CPU.ActiveCfg = Debug|Any CPU
		{CC46E5A7-5D1F-4526-B892-3C7D672BFE9F}.Debug|Any CPU.Build.0 = Debug|Any CPU
		{CC46E5A7-5D1F-4526-B892-3C7D672BFE9F}.Release|Any CPU.ActiveCfg = Release|Any CPU
		{CC46E5A7-5D1F-4526-B892-3C7D672BFE9F}.Release|Any CPU.Build.0 = Release|Any CPU
	EndGlobalSection
	GlobalSection(SolutionProperties) = preSolution
		HideSolutionNode = FALSE
	EndGlobalSection
	GlobalSection(ExtensibilityGlobals) = postSolution
		SolutionGuid = {90203B30-CDFD-4129-88A7-3DD07C0450B6}
	EndGlobalSection
EndGlobal
