
Microsoft Visual Studio Solution File, Format Version 12.00
# Visual Studio 15
VisualStudioVersion = 15.0.28307.421
MinimumVisualStudioVersion = 10.0.40219.1
Project("{9A19103F-16F7-4668-BE54-9A1E7A4F7556}") = "Etl", "Etl.csproj", "{8387C3E3-06DF-442E-BF45-4852D6C5424D}"
EndProject
Global
	GlobalSection(SolutionConfigurationPlatforms) = preSolution
		Debug|Any CPU = Debug|Any CPU
		Release|Any CPU = Release|Any CPU
	EndGlobalSection
	GlobalSection(ProjectConfigurationPlatforms) = postSolution
		{8387C3E3-06DF-442E-BF45-4852D6C5424D}.Debug|Any CPU.ActiveCfg = Debug|Any CPU
		{8387C3E3-06DF-442E-BF45-4852D6C5424D}.Debug|Any CPU.Build.0 = Debug|Any CPU
		{8387C3E3-06DF-442E-BF45-4852D6C5424D}.Release|Any CPU.ActiveCfg = Release|Any CPU
		{8387C3E3-06DF-442E-BF45-4852D6C5424D}.Release|Any CPU.Build.0 = Release|Any CPU
	EndGlobalSection
	GlobalSection(SolutionProperties) = preSolution
		HideSolutionNode = FALSE
	EndGlobalSection
	GlobalSection(ExtensibilityGlobals) = postSolution
		SolutionGuid = {7DA0152E-FA7C-4ACE-976F-3352E3C548D6}
	EndGlobalSection
EndGlobal
