
Microsoft Visual Studio Solution File, Format Version 12.00
# Visual Studio 15
VisualStudioVersion = 15.0.28010.2041
MinimumVisualStudioVersion = 10.0.40219.1
Project("{9A19103F-16F7-4668-BE54-9A1E7A4F7556}") = "RomanNumerals", "RomanNumerals.csproj", "{667169DA-B50C-4AE0-A0F8-C888CB1796B9}"
EndProject
Global
	GlobalSection(SolutionConfigurationPlatforms) = preSolution
		Debug|Any CPU = Debug|Any CPU
		Release|Any CPU = Release|Any CPU
	EndGlobalSection
	GlobalSection(ProjectConfigurationPlatforms) = postSolution
		{667169DA-B50C-4AE0-A0F8-C888CB1796B9}.Debug|Any CPU.ActiveCfg = Debug|Any CPU
		{667169DA-B50C-4AE0-A0F8-C888CB1796B9}.Debug|Any CPU.Build.0 = Debug|Any CPU
		{667169DA-B50C-4AE0-A0F8-C888CB1796B9}.Release|Any CPU.ActiveCfg = Release|Any CPU
		{667169DA-B50C-4AE0-A0F8-C888CB1796B9}.Release|Any CPU.Build.0 = Release|Any CPU
	EndGlobalSection
	GlobalSection(SolutionProperties) = preSolution
		HideSolutionNode = FALSE
	EndGlobalSection
	GlobalSection(ExtensibilityGlobals) = postSolution
		SolutionGuid = {DE007658-54A6-4457-A04A-077AEDC6131D}
	EndGlobalSection
EndGlobal
