
Microsoft Visual Studio Solution File, Format Version 12.00
# Visual Studio 15
VisualStudioVersion = 15.0.28010.2041
MinimumVisualStudioVersion = 10.0.40219.1
Project("{9A19103F-16F7-4668-BE54-9A1E7A4F7556}") = "Isogram", "Isogram.csproj", "{06166B0D-4BE9-4E52-8159-819CAD327846}"
EndProject
Global
	GlobalSection(SolutionConfigurationPlatforms) = preSolution
		Debug|Any CPU = Debug|Any CPU
		Release|Any CPU = Release|Any CPU
	EndGlobalSection
	GlobalSection(ProjectConfigurationPlatforms) = postSolution
		{06166B0D-4BE9-4E52-8159-819CAD327846}.Debug|Any CPU.ActiveCfg = Debug|Any CPU
		{06166B0D-4BE9-4E52-8159-819CAD327846}.Debug|Any CPU.Build.0 = Debug|Any CPU
		{06166B0D-4BE9-4E52-8159-819CAD327846}.Release|Any CPU.ActiveCfg = Release|Any CPU
		{06166B0D-4BE9-4E52-8159-819CAD327846}.Release|Any CPU.Build.0 = Release|Any CPU
	EndGlobalSection
	GlobalSection(SolutionProperties) = preSolution
		HideSolutionNode = FALSE
	EndGlobalSection
	GlobalSection(ExtensibilityGlobals) = postSolution
		SolutionGuid = {D780C408-BD4A-445B-A716-9847593F9657}
	EndGlobalSection
EndGlobal
