
Microsoft Visual Studio Solution File, Format Version 12.00
# Visual Studio 15
VisualStudioVersion = 15.0.28010.2041
MinimumVisualStudioVersion = 10.0.40219.1
Project("{9A19103F-16F7-4668-BE54-9A1E7A4F7556}") = "Leap", "Leap.csproj", "{6FEFB444-2093-4203-AFBE-B10AC0FCF303}"
EndProject
Global
	GlobalSection(SolutionConfigurationPlatforms) = preSolution
		Debug|Any CPU = Debug|Any CPU
		Release|Any CPU = Release|Any CPU
	EndGlobalSection
	GlobalSection(ProjectConfigurationPlatforms) = postSolution
		{6FEFB444-2093-4203-AFBE-B10AC0FCF303}.Debug|Any CPU.ActiveCfg = Debug|Any CPU
		{6FEFB444-2093-4203-AFBE-B10AC0FCF303}.Debug|Any CPU.Build.0 = Debug|Any CPU
		{6FEFB444-2093-4203-AFBE-B10AC0FCF303}.Release|Any CPU.ActiveCfg = Release|Any CPU
		{6FEFB444-2093-4203-AFBE-B10AC0FCF303}.Release|Any CPU.Build.0 = Release|Any CPU
	EndGlobalSection
	GlobalSection(SolutionProperties) = preSolution
		HideSolutionNode = FALSE
	EndGlobalSection
	GlobalSection(ExtensibilityGlobals) = postSolution
		SolutionGuid = {86075351-9DF3-4FD9-9EA5-1BC832DD4BC6}
	EndGlobalSection
EndGlobal
