
Microsoft Visual Studio Solution File, Format Version 12.00
# Visual Studio 15
VisualStudioVersion = 15.0.28010.2041
MinimumVisualStudioVersion = 10.0.40219.1
Project("{9A19103F-16F7-4668-BE54-9A1E7A4F7556}") = "SecretHandshake", "SecretHandshake.csproj", "{1FB8E57F-3C5D-45DE-93AA-F2E9DB1DE2DA}"
EndProject
Global
	GlobalSection(SolutionConfigurationPlatforms) = preSolution
		Debug|Any CPU = Debug|Any CPU
		Release|Any CPU = Release|Any CPU
	EndGlobalSection
	GlobalSection(ProjectConfigurationPlatforms) = postSolution
		{1FB8E57F-3C5D-45DE-93AA-F2E9DB1DE2DA}.Debug|Any CPU.ActiveCfg = Debug|Any CPU
		{1FB8E57F-3C5D-45DE-93AA-F2E9DB1DE2DA}.Debug|Any CPU.Build.0 = Debug|Any CPU
		{1FB8E57F-3C5D-45DE-93AA-F2E9DB1DE2DA}.Release|Any CPU.ActiveCfg = Release|Any CPU
		{1FB8E57F-3C5D-45DE-93AA-F2E9DB1DE2DA}.Release|Any CPU.Build.0 = Release|Any CPU
	EndGlobalSection
	GlobalSection(SolutionProperties) = preSolution
		HideSolutionNode = FALSE
	EndGlobalSection
	GlobalSection(ExtensibilityGlobals) = postSolution
		SolutionGuid = {22D7FD2B-5755-4E3F-A471-9F25F89A5E84}
	EndGlobalSection
EndGlobal
