
Microsoft Visual Studio Solution File, Format Version 12.00
# Visual Studio 15
VisualStudioVersion = 15.0.28307.421
MinimumVisualStudioVersion = 10.0.40219.1
Project("{9A19103F-16F7-4668-BE54-9A1E7A4F7556}") = "RotationalCipher", "RotationalCipher.csproj", "{BFAF1C3D-3AF2-4240-9CE1-61444CC08C0A}"
EndProject
Global
	GlobalSection(SolutionConfigurationPlatforms) = preSolution
		Debug|Any CPU = Debug|Any CPU
		Release|Any CPU = Release|Any CPU
	EndGlobalSection
	GlobalSection(ProjectConfigurationPlatforms) = postSolution
		{BFAF1C3D-3AF2-4240-9CE1-61444CC08C0A}.Debug|Any CPU.ActiveCfg = Debug|Any CPU
		{BFAF1C3D-3AF2-4240-9CE1-61444CC08C0A}.Debug|Any CPU.Build.0 = Debug|Any CPU
		{BFAF1C3D-3AF2-4240-9CE1-61444CC08C0A}.Release|Any CPU.ActiveCfg = Release|Any CPU
		{BFAF1C3D-3AF2-4240-9CE1-61444CC08C0A}.Release|Any CPU.Build.0 = Release|Any CPU
	EndGlobalSection
	GlobalSection(SolutionProperties) = preSolution
		HideSolutionNode = FALSE
	EndGlobalSection
	GlobalSection(ExtensibilityGlobals) = postSolution
		SolutionGuid = {F1865A55-1361-40E2-8D5A-DE2A6DD4E27D}
	EndGlobalSection
EndGlobal
